
Microsoft Visual Studio Solution File, Format Version 12.00
# Visual Studio 15
VisualStudioVersion = 15.0.27703.2047
MinimumVisualStudioVersion = 10.0.40219.1
Project("{FAE04EC0-301F-11D3-BF4B-00C04F79EFBC}") = "Hi-lo", "Hi-lo\Hi-lo.csproj", "{AC873DD4-1B65-4EB2-B6C0-68A842655592}"
EndProject
Global
	GlobalSection(SolutionConfigurationPlatforms) = preSolution
		Debug|Any CPU = Debug|Any CPU
		Release|Any CPU = Release|Any CPU
	EndGlobalSection
	GlobalSection(ProjectConfigurationPlatforms) = postSolution
		{AC873DD4-1B65-4EB2-B6C0-68A842655592}.Debug|Any CPU.ActiveCfg = Debug|Any CPU
		{AC873DD4-1B65-4EB2-B6C0-68A842655592}.Debug|Any CPU.Build.0 = Debug|Any CPU
		{AC873DD4-1B65-4EB2-B6C0-68A842655592}.Release|Any CPU.ActiveCfg = Release|Any CPU
		{AC873DD4-1B65-4EB2-B6C0-68A842655592}.Release|Any CPU.Build.0 = Release|Any CPU
	EndGlobalSection
	GlobalSection(SolutionProperties) = preSolution
		HideSolutionNode = FALSE
	EndGlobalSection
	GlobalSection(ExtensibilityGlobals) = postSolution
		SolutionGuid = {1654F4A2-FD54-4D1C-8EC5-6DA5483CD475}
	EndGlobalSection
EndGlobal
